
Microsoft Visual Studio Solution File, Format Version 12.00
# Visual Studio Version 17
VisualStudioVersion = 17.10.35027.167
MinimumVisualStudioVersion = 10.0.40219.1
Project("{FAE04EC0-301F-11D3-BF4B-00C04F79EFBC}") = "Core.Persistance", "Core.Persistance\Core.Persistance.csproj", "{CBD3E6DD-E1A4-4706-B160-1C93EA2F1A04}"
EndProject
Global
	GlobalSection(SolutionConfigurationPlatforms) = preSolution
		Debug|Any CPU = Debug|Any CPU
		Release|Any CPU = Release|Any CPU
	EndGlobalSection
	GlobalSection(ProjectConfigurationPlatforms) = postSolution
		{CBD3E6DD-E1A4-4706-B160-1C93EA2F1A04}.Debug|Any CPU.ActiveCfg = Debug|Any CPU
		{CBD3E6DD-E1A4-4706-B160-1C93EA2F1A04}.Debug|Any CPU.Build.0 = Debug|Any CPU
		{CBD3E6DD-E1A4-4706-B160-1C93EA2F1A04}.Release|Any CPU.ActiveCfg = Release|Any CPU
		{CBD3E6DD-E1A4-4706-B160-1C93EA2F1A04}.Release|Any CPU.Build.0 = Release|Any CPU
	EndGlobalSection
	GlobalSection(SolutionProperties) = preSolution
		HideSolutionNode = FALSE
	EndGlobalSection
	GlobalSection(ExtensibilityGlobals) = postSolution
		SolutionGuid = {842A6F70-CE11-4D66-86BD-284CDF6D0E90}
	EndGlobalSection
EndGlobal
